
Microsoft Visual Studio Solution File, Format Version 12.00
# Visual Studio 2012
Project("{FAE04EC0-301F-11D3-BF4B-00C04F79EFBC}") = "WindowsTimeZoneToMomentJs", "src\Pranas.WindowsTimeZoneToMomentJs\Pranas.WindowsTimeZoneToMomentJs.csproj", "{D40680A8-E75A-44DD-B3C1-E00899814ACC}"
EndProject
Project("{FAE04EC0-301F-11D3-BF4B-00C04F79EFBC}") = "WinTzToMomentJsTzTool", "src\WinTzToMomentJsTzTool\WinTzToMomentJsTzTool.csproj", "{FF1F0492-07F0-4B99-B546-58A815E74EE0}"
EndProject
Global
	GlobalSection(SolutionConfigurationPlatforms) = preSolution
		Debug|Any CPU = Debug|Any CPU
		Release|Any CPU = Release|Any CPU
	EndGlobalSection
	GlobalSection(ProjectConfigurationPlatforms) = postSolution
		{D40680A8-E75A-44DD-B3C1-E00899814ACC}.Debug|Any CPU.ActiveCfg = Debug|Any CPU
		{D40680A8-E75A-44DD-B3C1-E00899814ACC}.Debug|Any CPU.Build.0 = Debug|Any CPU
		{D40680A8-E75A-44DD-B3C1-E00899814ACC}.Release|Any CPU.ActiveCfg = Release|Any CPU
		{D40680A8-E75A-44DD-B3C1-E00899814ACC}.Release|Any CPU.Build.0 = Release|Any CPU
		{FF1F0492-07F0-4B99-B546-58A815E74EE0}.Debug|Any CPU.ActiveCfg = Debug|Any CPU
		{FF1F0492-07F0-4B99-B546-58A815E74EE0}.Debug|Any CPU.Build.0 = Debug|Any CPU
		{FF1F0492-07F0-4B99-B546-58A815E74EE0}.Release|Any CPU.ActiveCfg = Release|Any CPU
		{FF1F0492-07F0-4B99-B546-58A815E74EE0}.Release|Any CPU.Build.0 = Release|Any CPU
	EndGlobalSection
	GlobalSection(SolutionProperties) = preSolution
		HideSolutionNode = FALSE
	EndGlobalSection
EndGlobal
